// !$*UTF8*$!
{
	archiveVersion = 1;
	classes = {
	};
	objectVersion = 46;
	objects = {

/* Begin PBXBuildFile section */
		3A2C4068DD82872EE3059F55 /* libPods-G4IBeacon.a in Frameworks */ = {isa = PBXBuildFile; fileRef = 1B95283FCCC4C7A219B5ACDE /* libPods-G4IBeacon.a */; };
		8B9E8B601EBC5E140037FAF1 /* SHTaskViewController.m in Sources */ = {isa = PBXBuildFile; fileRef = 8B9E8B5F1EBC5E140037FAF1 /* SHTaskViewController.m */; };
		8BADAE331EBC2FA200D9E785 /* main.m in Sources */ = {isa = PBXBuildFile; fileRef = 8BADAE321EBC2FA200D9E785 /* main.m */; };
		8BADAE361EBC2FA200D9E785 /* AppDelegate.m in Sources */ = {isa = PBXBuildFile; fileRef = 8BADAE351EBC2FA200D9E785 /* AppDelegate.m */; };
		8BADAE3E1EBC2FA200D9E785 /* Assets.xcassets in Resources */ = {isa = PBXBuildFile; fileRef = 8BADAE3D1EBC2FA200D9E785 /* Assets.xcassets */; };
		8BADAE411EBC2FA200D9E785 /* LaunchScreen.storyboard in Resources */ = {isa = PBXBuildFile; fileRef = 8BADAE3F1EBC2FA200D9E785 /* LaunchScreen.storyboard */; };
		8BADAE5B1EBC456200D9E785 /* SHTabBarController.m in Sources */ = {isa = PBXBuildFile; fileRef = 8BADAE5A1EBC456200D9E785 /* SHTabBarController.m */; };
		8BADAE5E1EBC457400D9E785 /* SHNavigationController.m in Sources */ = {isa = PBXBuildFile; fileRef = 8BADAE5D1EBC457400D9E785 /* SHNavigationController.m */; };
		8BADAE611EBC458000D9E785 /* SHViewController.m in Sources */ = {isa = PBXBuildFile; fileRef = 8BADAE601EBC457F00D9E785 /* SHViewController.m */; };
		8BADAE681EBC489200D9E785 /* UIColor+set.m in Sources */ = {isa = PBXBuildFile; fileRef = 8BADAE671EBC489200D9E785 /* UIColor+set.m */; };
		8BADAE6C1EBC48A700D9E785 /* UIView+frame.m in Sources */ = {isa = PBXBuildFile; fileRef = 8BADAE6B1EBC48A700D9E785 /* UIView+frame.m */; };
		8BADAE6F1EBC4A4A00D9E785 /* SHTableViewController.m in Sources */ = {isa = PBXBuildFile; fileRef = 8BADAE6E1EBC4A4A00D9E785 /* SHTableViewController.m */; };
		8BADAE721EBC4A7500D9E785 /* SHAllViewController.m in Sources */ = {isa = PBXBuildFile; fileRef = 8BADAE711EBC4A7500D9E785 /* SHAllViewController.m */; };
		8BADAE791EBC4D4D00D9E785 /* SHAllTableViewCell.m in Sources */ = {isa = PBXBuildFile; fileRef = 8BADAE771EBC4D4D00D9E785 /* SHAllTableViewCell.m */; };
		8BADAE7A1EBC4D4D00D9E785 /* SHAllTableViewCell.xib in Resources */ = {isa = PBXBuildFile; fileRef = 8BADAE781EBC4D4D00D9E785 /* SHAllTableViewCell.xib */; };
/* End PBXBuildFile section */

/* Begin PBXFileReference section */
		1B95283FCCC4C7A219B5ACDE /* libPods-G4IBeacon.a */ = {isa = PBXFileReference; explicitFileType = archive.ar; includeInIndex = 0; path = "libPods-G4IBeacon.a"; sourceTree = BUILT_PRODUCTS_DIR; };
		5F2047FA1748EAE8A447F506 /* Pods-G4IBeacon.release.xcconfig */ = {isa = PBXFileReference; includeInIndex = 1; lastKnownFileType = text.xcconfig; name = "Pods-G4IBeacon.release.xcconfig"; path = "Pods/Target Support Files/Pods-G4IBeacon/Pods-G4IBeacon.release.xcconfig"; sourceTree = "<group>"; };
		8B9E8B5E1EBC5E140037FAF1 /* SHTaskViewController.h */ = {isa = PBXFileReference; fileEncoding = 4; lastKnownFileType = sourcecode.c.h; path = SHTaskViewController.h; sourceTree = "<group>"; };
		8B9E8B5F1EBC5E140037FAF1 /* SHTaskViewController.m */ = {isa = PBXFileReference; fileEncoding = 4; lastKnownFileType = sourcecode.c.objc; path = SHTaskViewController.m; sourceTree = "<group>"; };
		8BADAE2E1EBC2FA200D9E785 /* G4IBeacon.app */ = {isa = PBXFileReference; explicitFileType = wrapper.application; includeInIndex = 0; path = G4IBeacon.app; sourceTree = BUILT_PRODUCTS_DIR; };
		8BADAE321EBC2FA200D9E785 /* main.m */ = {isa = PBXFileReference; lastKnownFileType = sourcecode.c.objc; path = main.m; sourceTree = "<group>"; };
		8BADAE341EBC2FA200D9E785 /* AppDelegate.h */ = {isa = PBXFileReference; lastKnownFileType = sourcecode.c.h; path = AppDelegate.h; sourceTree = "<group>"; };
		8BADAE351EBC2FA200D9E785 /* AppDelegate.m */ = {isa = PBXFileReference; lastKnownFileType = sourcecode.c.objc; path = AppDelegate.m; sourceTree = "<group>"; };
		8BADAE3D1EBC2FA200D9E785 /* Assets.xcassets */ = {isa = PBXFileReference; lastKnownFileType = folder.assetcatalog; path = Assets.xcassets; sourceTree = "<group>"; };
		8BADAE401EBC2FA200D9E785 /* Base */ = {isa = PBXFileReference; lastKnownFileType = file.storyboard; name = Base; path = Base.lproj/LaunchScreen.storyboard; sourceTree = "<group>"; };
		8BADAE421EBC2FA200D9E785 /* Info.plist */ = {isa = PBXFileReference; lastKnownFileType = text.plist.xml; path = Info.plist; sourceTree = "<group>"; };
		8BADAE591EBC456200D9E785 /* SHTabBarController.h */ = {isa = PBXFileReference; fileEncoding = 4; lastKnownFileType = sourcecode.c.h; path = SHTabBarController.h; sourceTree = "<group>"; };
		8BADAE5A1EBC456200D9E785 /* SHTabBarController.m */ = {isa = PBXFileReference; fileEncoding = 4; lastKnownFileType = sourcecode.c.objc; path = SHTabBarController.m; sourceTree = "<group>"; };
		8BADAE5C1EBC457300D9E785 /* SHNavigationController.h */ = {isa = PBXFileReference; fileEncoding = 4; lastKnownFileType = sourcecode.c.h; path = SHNavigationController.h; sourceTree = "<group>"; };
		8BADAE5D1EBC457400D9E785 /* SHNavigationController.m */ = {isa = PBXFileReference; fileEncoding = 4; lastKnownFileType = sourcecode.c.objc; path = SHNavigationController.m; sourceTree = "<group>"; };
		8BADAE5F1EBC457F00D9E785 /* SHViewController.h */ = {isa = PBXFileReference; fileEncoding = 4; lastKnownFileType = sourcecode.c.h; path = SHViewController.h; sourceTree = "<group>"; };
		8BADAE601EBC457F00D9E785 /* SHViewController.m */ = {isa = PBXFileReference; fileEncoding = 4; lastKnownFileType = sourcecode.c.objc; path = SHViewController.m; sourceTree = "<group>"; };
		8BADAE661EBC489200D9E785 /* UIColor+set.h */ = {isa = PBXFileReference; fileEncoding = 4; lastKnownFileType = sourcecode.c.h; path = "UIColor+set.h"; sourceTree = "<group>"; };
		8BADAE671EBC489200D9E785 /* UIColor+set.m */ = {isa = PBXFileReference; fileEncoding = 4; lastKnownFileType = sourcecode.c.objc; path = "UIColor+set.m"; sourceTree = "<group>"; };
		8BADAE6A1EBC48A700D9E785 /* UIView+frame.h */ = {isa = PBXFileReference; fileEncoding = 4; lastKnownFileType = sourcecode.c.h; path = "UIView+frame.h"; sourceTree = "<group>"; };
		8BADAE6B1EBC48A700D9E785 /* UIView+frame.m */ = {isa = PBXFileReference; fileEncoding = 4; lastKnownFileType = sourcecode.c.objc; path = "UIView+frame.m"; sourceTree = "<group>"; };
		8BADAE6D1EBC4A4A00D9E785 /* SHTableViewController.h */ = {isa = PBXFileReference; fileEncoding = 4; lastKnownFileType = sourcecode.c.h; path = SHTableViewController.h; sourceTree = "<group>"; };
		8BADAE6E1EBC4A4A00D9E785 /* SHTableViewController.m */ = {isa = PBXFileReference; fileEncoding = 4; lastKnownFileType = sourcecode.c.objc; path = SHTableViewController.m; sourceTree = "<group>"; };
		8BADAE701EBC4A7500D9E785 /* SHAllViewController.h */ = {isa = PBXFileReference; fileEncoding = 4; lastKnownFileType = sourcecode.c.h; path = SHAllViewController.h; sourceTree = "<group>"; };
		8BADAE711EBC4A7500D9E785 /* SHAllViewController.m */ = {isa = PBXFileReference; fileEncoding = 4; lastKnownFileType = sourcecode.c.objc; path = SHAllViewController.m; sourceTree = "<group>"; };
		8BADAE731EBC4B3200D9E785 /* G4IBeacon.pch */ = {isa = PBXFileReference; lastKnownFileType = sourcecode.c.h; path = G4IBeacon.pch; sourceTree = "<group>"; };
		8BADAE741EBC4B7000D9E785 /* PrintLog.h */ = {isa = PBXFileReference; fileEncoding = 4; lastKnownFileType = sourcecode.c.h; path = PrintLog.h; sourceTree = "<group>"; };
		8BADAE761EBC4D4D00D9E785 /* SHAllTableViewCell.h */ = {isa = PBXFileReference; fileEncoding = 4; lastKnownFileType = sourcecode.c.h; path = SHAllTableViewCell.h; sourceTree = "<group>"; };
		8BADAE771EBC4D4D00D9E785 /* SHAllTableViewCell.m */ = {isa = PBXFileReference; fileEncoding = 4; lastKnownFileType = sourcecode.c.objc; path = SHAllTableViewCell.m; sourceTree = "<group>"; };
		8BADAE781EBC4D4D00D9E785 /* SHAllTableViewCell.xib */ = {isa = PBXFileReference; fileEncoding = 4; lastKnownFileType = file.xib; path = SHAllTableViewCell.xib; sourceTree = "<group>"; };
		B2D96B020A18AD43F966AEC4 /* Pods-G4IBeacon.debug.xcconfig */ = {isa = PBXFileReference; includeInIndex = 1; lastKnownFileType = text.xcconfig; name = "Pods-G4IBeacon.debug.xcconfig"; path = "Pods/Target Support Files/Pods-G4IBeacon/Pods-G4IBeacon.debug.xcconfig"; sourceTree = "<group>"; };
/* End PBXFileReference section */

/* Begin PBXFrameworksBuildPhase section */
		8BADAE2B1EBC2FA200D9E785 /* Frameworks */ = {
			isa = PBXFrameworksBuildPhase;
			buildActionMask = 2147483647;
			files = (
				3A2C4068DD82872EE3059F55 /* libPods-G4IBeacon.a in Frameworks */,
			);
			runOnlyForDeploymentPostprocessing = 0;
		};
/* End PBXFrameworksBuildPhase section */

/* Begin PBXGroup section */
		04FAADEE4820A37E9B384679 /* Pods */ = {
			isa = PBXGroup;
			children = (
				B2D96B020A18AD43F966AEC4 /* Pods-G4IBeacon.debug.xcconfig */,
				5F2047FA1748EAE8A447F506 /* Pods-G4IBeacon.release.xcconfig */,
			);
			name = Pods;
			sourceTree = "<group>";
		};
		354CA04AE35514E5CFD7B621 /* Frameworks */ = {
			isa = PBXGroup;
			children = (
				1B95283FCCC4C7A219B5ACDE /* libPods-G4IBeacon.a */,
			);
			name = Frameworks;
			sourceTree = "<group>";
		};
		8B9E8B5C1EBC5E070037FAF1 /* Task */ = {
			isa = PBXGroup;
			children = (
				8B9E8B5D1EBC5E070037FAF1 /* Controller */,
			);
			path = Task;
			sourceTree = "<group>";
		};
		8B9E8B5D1EBC5E070037FAF1 /* Controller */ = {
			isa = PBXGroup;
			children = (
				8B9E8B5E1EBC5E140037FAF1 /* SHTaskViewController.h */,
				8B9E8B5F1EBC5E140037FAF1 /* SHTaskViewController.m */,
			);
			path = Controller;
			sourceTree = "<group>";
		};
		8BADAE251EBC2FA200D9E785 = {
			isa = PBXGroup;
			children = (
				8BADAE301EBC2FA200D9E785 /* G4IBeacon */,
				8BADAE2F1EBC2FA200D9E785 /* Products */,
				04FAADEE4820A37E9B384679 /* Pods */,
				354CA04AE35514E5CFD7B621 /* Frameworks */,
			);
			sourceTree = "<group>";
		};
		8BADAE2F1EBC2FA200D9E785 /* Products */ = {
			isa = PBXGroup;
			children = (
				8BADAE2E1EBC2FA200D9E785 /* G4IBeacon.app */,
			);
			name = Products;
			sourceTree = "<group>";
		};
		8BADAE301EBC2FA200D9E785 /* G4IBeacon */ = {
			isa = PBXGroup;
			children = (
				8BADAE551EBC454500D9E785 /* Classes */,
				8BADAE541EBC2FC900D9E785 /* System */,
				8BADAE311EBC2FA200D9E785 /* Supporting Files */,
			);
			path = G4IBeacon;
			sourceTree = "<group>";
		};
		8BADAE311EBC2FA200D9E785 /* Supporting Files */ = {
			isa = PBXGroup;
			children = (
				8BADAE321EBC2FA200D9E785 /* main.m */,
			);
			name = "Supporting Files";
			sourceTree = "<group>";
		};
		8BADAE541EBC2FC900D9E785 /* System */ = {
			isa = PBXGroup;
			children = (
				8BADAE341EBC2FA200D9E785 /* AppDelegate.h */,
				8BADAE351EBC2FA200D9E785 /* AppDelegate.m */,
				8BADAE731EBC4B3200D9E785 /* G4IBeacon.pch */,
				8BADAE3D1EBC2FA200D9E785 /* Assets.xcassets */,
				8BADAE3F1EBC2FA200D9E785 /* LaunchScreen.storyboard */,
				8BADAE421EBC2FA200D9E785 /* Info.plist */,
			);
			name = System;
			sourceTree = "<group>";
		};
		8BADAE551EBC454500D9E785 /* Classes */ = {
			isa = PBXGroup;
			children = (
				8BADAE621EBC480200D9E785 /* Foundation */,
				8BADAE561EBC454500D9E785 /* Base */,
				8BADAE581EBC454500D9E785 /* Tools */,
			);
			path = Classes;
			sourceTree = "<group>";
		};
		8BADAE561EBC454500D9E785 /* Base */ = {
			isa = PBXGroup;
			children = (
				8BADAE571EBC454500D9E785 /* Controller */,
			);
			path = Base;
			sourceTree = "<group>";
		};
		8BADAE571EBC454500D9E785 /* Controller */ = {
			isa = PBXGroup;
			children = (
				8BADAE5F1EBC457F00D9E785 /* SHViewController.h */,
				8BADAE601EBC457F00D9E785 /* SHViewController.m */,
				8BADAE5C1EBC457300D9E785 /* SHNavigationController.h */,
				8BADAE5D1EBC457400D9E785 /* SHNavigationController.m */,
				8BADAE6D1EBC4A4A00D9E785 /* SHTableViewController.h */,
				8BADAE6E1EBC4A4A00D9E785 /* SHTableViewController.m */,
				8BADAE591EBC456200D9E785 /* SHTabBarController.h */,
				8BADAE5A1EBC456200D9E785 /* SHTabBarController.m */,
			);
			path = Controller;
			sourceTree = "<group>";
		};
		8BADAE581EBC454500D9E785 /* Tools */ = {
			isa = PBXGroup;
			children = (
				8BADAE741EBC4B7000D9E785 /* PrintLog.h */,
				8BADAE691EBC48A700D9E785 /* Frame */,
				8BADAE651EBC489200D9E785 /* Color */,
			);
			path = Tools;
			sourceTree = "<group>";
		};
		8BADAE621EBC480200D9E785 /* Foundation */ = {
			isa = PBXGroup;
			children = (
				8B9E8B5C1EBC5E070037FAF1 /* Task */,
				8BADAE631EBC480200D9E785 /* All */,
			);
			path = Foundation;
			sourceTree = "<group>";
		};
		8BADAE631EBC480200D9E785 /* All */ = {
			isa = PBXGroup;
			children = (
				8BADAE751EBC4D2100D9E785 /* View */,
				8BADAE641EBC480200D9E785 /* Controller */,
			);
			path = All;
			sourceTree = "<group>";
		};
		8BADAE641EBC480200D9E785 /* Controller */ = {
			isa = PBXGroup;
			children = (
				8BADAE701EBC4A7500D9E785 /* SHAllViewController.h */,
				8BADAE711EBC4A7500D9E785 /* SHAllViewController.m */,
			);
			path = Controller;
			sourceTree = "<group>";
		};
		8BADAE651EBC489200D9E785 /* Color */ = {
			isa = PBXGroup;
			children = (
				8BADAE661EBC489200D9E785 /* UIColor+set.h */,
				8BADAE671EBC489200D9E785 /* UIColor+set.m */,
			);
			path = Color;
			sourceTree = "<group>";
		};
		8BADAE691EBC48A700D9E785 /* Frame */ = {
			isa = PBXGroup;
			children = (
				8BADAE6A1EBC48A700D9E785 /* UIView+frame.h */,
				8BADAE6B1EBC48A700D9E785 /* UIView+frame.m */,
			);
			path = Frame;
			sourceTree = "<group>";
		};
		8BADAE751EBC4D2100D9E785 /* View */ = {
			isa = PBXGroup;
			children = (
				8BADAE761EBC4D4D00D9E785 /* SHAllTableViewCell.h */,
				8BADAE771EBC4D4D00D9E785 /* SHAllTableViewCell.m */,
				8BADAE781EBC4D4D00D9E785 /* SHAllTableViewCell.xib */,
			);
			path = View;
			sourceTree = "<group>";
		};
/* End PBXGroup section */

/* Begin PBXNativeTarget section */
		8BADAE2D1EBC2FA200D9E785 /* G4IBeacon */ = {
			isa = PBXNativeTarget;
			buildConfigurationList = 8BADAE451EBC2FA200D9E785 /* Build configuration list for PBXNativeTarget "G4IBeacon" */;
			buildPhases = (
				0FB68641B1EDA265275106FB /* [CP] Check Pods Manifest.lock */,
				8BADAE2A1EBC2FA200D9E785 /* Sources */,
				8BADAE2B1EBC2FA200D9E785 /* Frameworks */,
				8BADAE2C1EBC2FA200D9E785 /* Resources */,
				F90B0B4AAF92D4550D412984 /* [CP] Embed Pods Frameworks */,
				096B3BEDC18A904B9C7F8F23 /* [CP] Copy Pods Resources */,
			);
			buildRules = (
			);
			dependencies = (
			);
			name = G4IBeacon;
			productName = G4IBeacon;
			productReference = 8BADAE2E1EBC2FA200D9E785 /* G4IBeacon.app */;
			productType = "com.apple.product-type.application";
		};
/* End PBXNativeTarget section */

/* Begin PBXProject section */
		8BADAE261EBC2FA200D9E785 /* Project object */ = {
			isa = PBXProject;
			attributes = {
				CLASSPREFIX = SH;
				LastUpgradeCheck = 0830;
				ORGANIZATIONNAME = SmartHomeGroup;
				TargetAttributes = {
					8BADAE2D1EBC2FA200D9E785 = {
						CreatedOnToolsVersion = 8.3.2;
						DevelopmentTeam = SC36A8Q9D5;
						ProvisioningStyle = Automatic;
					};
				};
			};
			buildConfigurationList = 8BADAE291EBC2FA200D9E785 /* Build configuration list for PBXProject "G4IBeacon" */;
			compatibilityVersion = "Xcode 3.2";
			developmentRegion = English;
			hasScannedForEncodings = 0;
			knownRegions = (
				en,
				Base,
			);
			mainGroup = 8BADAE251EBC2FA200D9E785;
			productRefGroup = 8BADAE2F1EBC2FA200D9E785 /* Products */;
			projectDirPath = "";
			projectRoot = "";
			targets = (
				8BADAE2D1EBC2FA200D9E785 /* G4IBeacon */,
			);
		};
/* End PBXProject section */

/* Begin PBXResourcesBuildPhase section */
		8BADAE2C1EBC2FA200D9E785 /* Resources */ = {
			isa = PBXResourcesBuildPhase;
			buildActionMask = 2147483647;
			files = (
				8BADAE411EBC2FA200D9E785 /* LaunchScreen.storyboard in Resources */,
				8BADAE7A1EBC4D4D00D9E785 /* SHAllTableViewCell.xib in Resources */,
				8BADAE3E1EBC2FA200D9E785 /* Assets.xcassets in Resources */,
			);
			runOnlyForDeploymentPostprocessing = 0;
		};
/* End PBXResourcesBuildPhase section */

/* Begin PBXShellScriptBuildPhase section */
		096B3BEDC18A904B9C7F8F23 /* [CP] Copy Pods Resources */ = {
			isa = PBXShellScriptBuildPhase;
			buildActionMask = 2147483647;
			files = (
			);
			inputPaths = (
			);
			name = "[CP] Copy Pods Resources";
			outputPaths = (
			);
			runOnlyForDeploymentPostprocessing = 0;
			shellPath = /bin/sh;
			shellScript = "\"${SRCROOT}/Pods/Target Support Files/Pods-G4IBeacon/Pods-G4IBeacon-resources.sh\"\n";
			showEnvVarsInLog = 0;
		};
		0FB68641B1EDA265275106FB /* [CP] Check Pods Manifest.lock */ = {
			isa = PBXShellScriptBuildPhase;
			buildActionMask = 2147483647;
			files = (
			);
			inputPaths = (
			);
			name = "[CP] Check Pods Manifest.lock";
			outputPaths = (
			);
			runOnlyForDeploymentPostprocessing = 0;
			shellPath = /bin/sh;
			shellScript = "diff \"${PODS_ROOT}/../Podfile.lock\" \"${PODS_ROOT}/Manifest.lock\" > /dev/null\nif [ $? != 0 ] ; then\n    # print error to STDERR\n    echo \"error: The sandbox is not in sync with the Podfile.lock. Run 'pod install' or update your CocoaPods installation.\" >&2\n    exit 1\nfi\n";
			showEnvVarsInLog = 0;
		};
		F90B0B4AAF92D4550D412984 /* [CP] Embed Pods Frameworks */ = {
			isa = PBXShellScriptBuildPhase;
			buildActionMask = 2147483647;
			files = (
			);
			inputPaths = (
			);
			name = "[CP] Embed Pods Frameworks";
			outputPaths = (
			);
			runOnlyForDeploymentPostprocessing = 0;
			shellPath = /bin/sh;
			shellScript = "\"${SRCROOT}/Pods/Target Support Files/Pods-G4IBeacon/Pods-G4IBeacon-frameworks.sh\"\n";
			showEnvVarsInLog = 0;
		};
/* End PBXShellScriptBuildPhase section */

/* Begin PBXSourcesBuildPhase section */
		8BADAE2A1EBC2FA200D9E785 /* Sources */ = {
			isa = PBXSourcesBuildPhase;
			buildActionMask = 2147483647;
			files = (
				8BADAE791EBC4D4D00D9E785 /* SHAllTableViewCell.m in Sources */,
				8BADAE5E1EBC457400D9E785 /* SHNavigationController.m in Sources */,
				8BADAE611EBC458000D9E785 /* SHViewController.m in Sources */,
				8BADAE361EBC2FA200D9E785 /* AppDelegate.m in Sources */,
				8BADAE721EBC4A7500D9E785 /* SHAllViewController.m in Sources */,
				8BADAE5B1EBC456200D9E785 /* SHTabBarController.m in Sources */,
				8BADAE6F1EBC4A4A00D9E785 /* SHTableViewController.m in Sources */,
				8BADAE6C1EBC48A700D9E785 /* UIView+frame.m in Sources */,
				8BADAE681EBC489200D9E785 /* UIColor+set.m in Sources */,
				8BADAE331EBC2FA200D9E785 /* main.m in Sources */,
				8B9E8B601EBC5E140037FAF1 /* SHTaskViewController.m in Sources */,
			);
			runOnlyForDeploymentPostprocessing = 0;
		};
/* End PBXSourcesBuildPhase section */

/* Begin PBXVariantGroup section */
		8BADAE3F1EBC2FA200D9E785 /* LaunchScreen.storyboard */ = {
			isa = PBXVariantGroup;
			children = (
				8BADAE401EBC2FA200D9E785 /* Base */,
			);
			name = LaunchScreen.storyboard;
			sourceTree = "<group>";
		};
/* End PBXVariantGroup section */

/* Begin XCBuildConfiguration section */
		8BADAE431EBC2FA200D9E785 /* Debug */ = {
			isa = XCBuildConfiguration;
			buildSettings = {
				ALWAYS_SEARCH_USER_PATHS = NO;
				CLANG_ANALYZER_NONNULL = YES;
				CLANG_ANALYZER_NUMBER_OBJECT_CONVERSION = YES_AGGRESSIVE;
				CLANG_CXX_LANGUAGE_STANDARD = "gnu++0x";
				CLANG_CXX_LIBRARY = "libc++";
				CLANG_ENABLE_MODULES = YES;
				CLANG_ENABLE_OBJC_ARC = YES;
				CLANG_WARN_BOOL_CONVERSION = YES;
				CLANG_WARN_CONSTANT_CONVERSION = YES;
				CLANG_WARN_DIRECT_OBJC_ISA_USAGE = YES_ERROR;
				CLANG_WARN_DOCUMENTATION_COMMENTS = YES;
				CLANG_WARN_EMPTY_BODY = YES;
				CLANG_WARN_ENUM_CONVERSION = YES;
				CLANG_WARN_INFINITE_RECURSION = YES;
				CLANG_WARN_INT_CONVERSION = YES;
				CLANG_WARN_OBJC_ROOT_CLASS = YES_ERROR;
				CLANG_WARN_SUSPICIOUS_MOVE = YES;
				CLANG_WARN_UNREACHABLE_CODE = YES;
				CLANG_WARN__DUPLICATE_METHOD_MATCH = YES;
				"CODE_SIGN_IDENTITY[sdk=iphoneos*]" = "iPhone Developer";
				COPY_PHASE_STRIP = NO;
				DEBUG_INFORMATION_FORMAT = dwarf;
				ENABLE_STRICT_OBJC_MSGSEND = YES;
				ENABLE_TESTABILITY = YES;
				GCC_C_LANGUAGE_STANDARD = gnu99;
				GCC_DYNAMIC_NO_PIC = NO;
				GCC_NO_COMMON_BLOCKS = YES;
				GCC_OPTIMIZATION_LEVEL = 0;
				GCC_PREPROCESSOR_DEFINITIONS = (
					"DEBUG=1",
					"$(inherited)",
				);
				GCC_WARN_64_TO_32_BIT_CONVERSION = YES;
				GCC_WARN_ABOUT_RETURN_TYPE = YES_ERROR;
				GCC_WARN_UNDECLARED_SELECTOR = YES;
				GCC_WARN_UNINITIALIZED_AUTOS = YES_AGGRESSIVE;
				GCC_WARN_UNUSED_FUNCTION = YES;
				GCC_WARN_UNUSED_VARIABLE = YES;
				IPHONEOS_DEPLOYMENT_TARGET = 10.3;
				MTL_ENABLE_DEBUG_INFO = YES;
				ONLY_ACTIVE_ARCH = YES;
				SDKROOT = iphoneos;
				TARGETED_DEVICE_FAMILY = "1,2";
			};
			name = Debug;
		};
		8BADAE441EBC2FA200D9E785 /* Release */ = {
			isa = XCBuildConfiguration;
			buildSettings = {
				ALWAYS_SEARCH_USER_PATHS = NO;
				CLANG_ANALYZER_NONNULL = YES;
				CLANG_ANALYZER_NUMBER_OBJECT_CONVERSION = YES_AGGRESSIVE;
				CLANG_CXX_LANGUAGE_STANDARD = "gnu++0x";
				CLANG_CXX_LIBRARY = "libc++";
				CLANG_ENABLE_MODULES = YES;
				CLANG_ENABLE_OBJC_ARC = YES;
				CLANG_WARN_BOOL_CONVERSION = YES;
				CLANG_WARN_CONSTANT_CONVERSION = YES;
				CLANG_WARN_DIRECT_OBJC_ISA_USAGE = YES_ERROR;
				CLANG_WARN_DOCUMENTATION_COMMENTS = YES;
				CLANG_WARN_EMPTY_BODY = YES;
				CLANG_WARN_ENUM_CONVERSION = YES;
				CLANG_WARN_INFINITE_RECURSION = YES;
				CLANG_WARN_INT_CONVERSION = YES;
				CLANG_WARN_OBJC_ROOT_CLASS = YES_ERROR;
				CLANG_WARN_SUSPICIOUS_MOVE = YES;
				CLANG_WARN_UNREACHABLE_CODE = YES;
				CLANG_WARN__DUPLICATE_METHOD_MATCH = YES;
				"CODE_SIGN_IDENTITY[sdk=iphoneos*]" = "iPhone Developer";
				COPY_PHASE_STRIP = NO;
				DEBUG_INFORMATION_FORMAT = "dwarf-with-dsym";
				ENABLE_NS_ASSERTIONS = NO;
				ENABLE_STRICT_OBJC_MSGSEND = YES;
				GCC_C_LANGUAGE_STANDARD = gnu99;
				GCC_NO_COMMON_BLOCKS = YES;
				GCC_WARN_64_TO_32_BIT_CONVERSION = YES;
				GCC_WARN_ABOUT_RETURN_TYPE = YES_ERROR;
				GCC_WARN_UNDECLARED_SELECTOR = YES;
				GCC_WARN_UNINITIALIZED_AUTOS = YES_AGGRESSIVE;
				GCC_WARN_UNUSED_FUNCTION = YES;
				GCC_WARN_UNUSED_VARIABLE = YES;
				IPHONEOS_DEPLOYMENT_TARGET = 10.3;
				MTL_ENABLE_DEBUG_INFO = NO;
				SDKROOT = iphoneos;
				TARGETED_DEVICE_FAMILY = "1,2";
				VALIDATE_PRODUCT = YES;
			};
			name = Release;
		};
		8BADAE461EBC2FA200D9E785 /* Debug */ = {
			isa = XCBuildConfiguration;
			baseConfigurationReference = B2D96B020A18AD43F966AEC4 /* Pods-G4IBeacon.debug.xcconfig */;
			buildSettings = {
				ASSETCATALOG_COMPILER_APPICON_NAME = AppIcon;
				DEVELOPMENT_TEAM = SC36A8Q9D5;
				GCC_PREFIX_HEADER = "$(SRCROOT)/G4IBeacon/G4IBeacon.pch";
				INFOPLIST_FILE = G4IBeacon/Info.plist;
				IPHONEOS_DEPLOYMENT_TARGET = 8.0;
				LD_RUNPATH_SEARCH_PATHS = "$(inherited) @executable_path/Frameworks";
				PRODUCT_BUNDLE_IDENTIFIER = com.smarthomebus.iBeaconApp;
				PRODUCT_NAME = "$(TARGET_NAME)";
			};
			name = Debug;
		};
		8BADAE471EBC2FA200D9E785 /* Release */ = {
			isa = XCBuildConfiguration;
			baseConfigurationReference = 5F2047FA1748EAE8A447F506 /* Pods-G4IBeacon.release.xcconfig */;
			buildSettings = {
				ASSETCATALOG_COMPILER_APPICON_NAME = AppIcon;
				DEVELOPMENT_TEAM = SC36A8Q9D5;
				GCC_PREFIX_HEADER = "$(SRCROOT)/G4IBeacon/G4IBeacon.pch";
				INFOPLIST_FILE = G4IBeacon/Info.plist;
				IPHONEOS_DEPLOYMENT_TARGET = 8.0;
				LD_RUNPATH_SEARCH_PATHS = "$(inherited) @executable_path/Frameworks";
				PRODUCT_BUNDLE_IDENTIFIER = com.smarthomebus.iBeaconApp;
				PRODUCT_NAME = "$(TARGET_NAME)";
			};
			name = Release;
		};
/* End XCBuildConfiguration section */

/* Begin XCConfigurationList section */
		8BADAE291EBC2FA200D9E785 /* Build configuration list for PBXProject "G4IBeacon" */ = {
			isa = XCConfigurationList;
			buildConfigurations = (
				8BADAE431EBC2FA200D9E785 /* Debug */,
				8BADAE441EBC2FA200D9E785 /* Release */,
			);
			defaultConfigurationIsVisible = 0;
			defaultConfigurationName = Release;
		};
		8BADAE451EBC2FA200D9E785 /* Build configuration list for PBXNativeTarget "G4IBeacon" */ = {
			isa = XCConfigurationList;
			buildConfigurations = (
				8BADAE461EBC2FA200D9E785 /* Debug */,
				8BADAE471EBC2FA200D9E785 /* Release */,
			);
			defaultConfigurationIsVisible = 0;
			defaultConfigurationName = Release;
		};
/* End XCConfigurationList section */
	};
	rootObject = 8BADAE261EBC2FA200D9E785 /* Project object */;
}
